{
  "requires": true,
  "lockfileVersion": 1,
  "dependencies": {
    "axentix": {
      "version": "1.3.4",
      "resolved": "https://registry.npmjs.org/axentix/-/axentix-1.3.4.tgz",
      "integrity": "sha512-RVA/fJUUl/nPtL9JVLxCVnQc0swSsDRoyBMa5uHyvIxFzBnaNdeoz2ey0gEJiZ6HPmURVMaN5xJaFGMTuRUCdA=="
    }
  }
}
